PODS:
  - CTMediator (25)
  - HandyJSON (5.0.1)
  - Kingfisher (5.12.0):
    - Kingfisher/Core (= 5.12.0)
  - Kingfisher/Core (5.12.0)
  - KRActivityIndicatorView (3.0.4)
  - KRProgressHUD (3.4.4):
    - KRActivityIndicatorView (= 3.0.4)
  - Localize-Swift (3.1.0)
  - R.swift (5.1.0):
    - R.swift.Library (~> 5.1.0)
  - R.swift.Library (5.1.0)
  - RxCocoa (5.0.1):
    - RxRelay (~> 5)
    - RxSwift (~> 5)
  - RxRelay (5.0.1):
    - RxSwift (~> 5)
  - RxSwift (5.0.1)
  - SkeletonView (1.8.2)
  - SnapKit (5.0.1)
  - VerticalCardSwiper (2.0.1)

DEPENDENCIES:
  - CTMediator
  - HandyJSON
  - Kingfisher
  - KRProgressHUD
  - Localize-Swift
  - R.swift
  - RxCocoa
  - RxSwift
  - SkeletonView
  - SnapKit
  - VerticalCardSwiper

SPEC REPOS:
  https://github.com/CocoaPods/Specs.git:
    - CTMediator
    - HandyJSON
    - Kingfisher
    - KRActivityIndicatorView
    - KRProgressHUD
    - Localize-Swift
    - R.swift
    - R.swift.Library
    - RxCocoa
    - RxRelay
    - RxSwift
    - SkeletonView
    - SnapKit
    - VerticalCardSwiper

SPEC CHECKSUMS:
  CTMediator: 830c1fc204b3a6abf2a059510c7380f56343da0f
  HandyJSON: d45b8415c501e3affc59ca9762c1197ff0feb646
  Kingfisher: dc6e0f53bb5b12c3e75bedb0e01bbd7a640eea69
  KRActivityIndicatorView: 549db10b9578d58bac73db063d8b544e8970f7f2
  KRProgressHUD: c3b9a48a0ee4824ea13212ac3f1efa50dca021e3
  Localize-Swift: 4bed4f0ccac8be2ec3517ee359da80ba2adb0fae
  R.swift: 8cbc4fc69b740305b6a17c8a8ed968eb788962d9
  R.swift.Library: fa85ce1e0d0b7e818cd9e080df910ba54d2776cc
  RxCocoa: e741b9749968e8a143e2b787f1dfbff2b63d0a5c
  RxRelay: 89d54507f4fd4d969e6ec1d4bd7f3673640b4640
  RxSwift: e2dc62b366a3adf6a0be44ba9f405efd4c94e0c4
  SkeletonView: bb27c39857e5492136f02ee8a3aa78de55d12ecd
  SnapKit: 97b92857e3df3a0c71833cce143274bf6ef8e5eb
  VerticalCardSwiper: a152823dbe457f7cc8920c86579c928bfe40d502

PODFILE CHECKSUM: ceb4106083fad65933b2113188288359a3de573d

COCOAPODS: 1.8.4
