PODS:
  - CryptoSwift (1.3.0)
  - HandyJSON (5.0.1)
  - Kingfisher (5.12.0):
    - Kingfisher/Core (= 5.12.0)
  - Kingfisher/Core (5.12.0)
  - KRActivityIndicatorView (3.0.4)
  - KRProgressHUD (3.4.4):
    - KRActivityIndicatorView (= 3.0.4)
  - Nuke (8.4.0)
  - QuickLayout (3.0.0)
  - R.swift (5.1.0):
    - R.swift.Library (~> 5.1.0)
  - R.swift.Library (5.1.0)
  - Realm (4.3.0):
    - Realm/Headers (= 4.3.0)
  - Realm/Headers (4.3.0)
  - RealmSwift (4.3.0):
    - Realm (= 4.3.0)
  - RxCocoa (5.0.1):
    - RxRelay (~> 5)
    - RxSwift (~> 5)
  - RxRelay (5.0.1):
    - RxSwift (~> 5)
  - RxSwift (5.0.1)
  - SkeletonView (1.8.2)
  - SnapKit (5.0.1)
  - SwiftEntryKit (1.2.3):
    - QuickLayout (= 3.0.0)
  - VerticalCardSwiper (2.0.1)

DEPENDENCIES:
  - CryptoSwift
  - HandyJSON
  - Kingfisher
  - KRProgressHUD
  - Nuke
  - R.swift
  - RealmSwift
  - RxCocoa
  - RxSwift
  - SkeletonView
  - SnapKit
  - SwiftEntryKit
  - VerticalCardSwiper

SPEC REPOS:
  https://github.com/CocoaPods/Specs.git:
    - CryptoSwift
    - HandyJSON
    - Kingfisher
    - KRActivityIndicatorView
    - KRProgressHUD
    - Nuke
    - QuickLayout
    - R.swift
    - R.swift.Library
    - Realm
    - RealmSwift
    - RxCocoa
    - RxRelay
    - RxSwift
    - SkeletonView
    - SnapKit
    - SwiftEntryKit
    - VerticalCardSwiper

SPEC CHECKSUMS:
  CryptoSwift: 1283821600233bdbeb96d7b389c3288c3bf77211
  HandyJSON: d45b8415c501e3affc59ca9762c1197ff0feb646
  Kingfisher: dc6e0f53bb5b12c3e75bedb0e01bbd7a640eea69
  KRActivityIndicatorView: 549db10b9578d58bac73db063d8b544e8970f7f2
  KRProgressHUD: c3b9a48a0ee4824ea13212ac3f1efa50dca021e3
  Nuke: fa6f784c4f7e1c0f9313668510186c68b7af2509
  QuickLayout: 07b45a72b10083fee3f095990cfed1c1e7b27f0a
  R.swift: 8cbc4fc69b740305b6a17c8a8ed968eb788962d9
  R.swift.Library: fa85ce1e0d0b7e818cd9e080df910ba54d2776cc
  Realm: 9357c3589555793e1860a7104a7412bca4a48d99
  RealmSwift: 402f1e379a8ef82c635313037b043f0f06de880c
  RxCocoa: e741b9749968e8a143e2b787f1dfbff2b63d0a5c
  RxRelay: 89d54507f4fd4d969e6ec1d4bd7f3673640b4640
  RxSwift: e2dc62b366a3adf6a0be44ba9f405efd4c94e0c4
  SkeletonView: bb27c39857e5492136f02ee8a3aa78de55d12ecd
  SnapKit: 97b92857e3df3a0c71833cce143274bf6ef8e5eb
  SwiftEntryKit: 340713c2e4a6662c5149629990bf1088bf5f0389
  VerticalCardSwiper: a152823dbe457f7cc8920c86579c928bfe40d502

PODFILE CHECKSUM: d7171a0c913e238ccbf1d856e1ea5357a7a75bba

COCOAPODS: 1.9.3
