// !$*UTF8*$!
{
	archiveVersion = 1;
	classes = {
	};
	objectVersion = 50;
	objects = {

/* Begin PBXBuildFile section */
		1A3495135FE41A004ABFD2F6 /* Pods_GPFoundation.framework in Frameworks */ = {isa = PBXBuildFile; fileRef = 29099DF42CF407721EC79FEE /* Pods_GPFoundation.framework */; };
		FF0B7E7D258A087600A96AE4 /* GPArray.swift in Sources */ = {isa = PBXBuildFile; fileRef = FF0B7E7C258A087600A96AE4 /* GPArray.swift */; };
		FF0B7E85258A11C800A96AE4 /* GPCell.swift in Sources */ = {isa = PBXBuildFile; fileRef = FF0B7E84258A11C800A96AE4 /* GPCell.swift */; };
		FF0E33B124C58954001BE07D /* GPBaseViewController.swift in Sources */ = {isa = PBXBuildFile; fileRef = FF0E33B024C58954001BE07D /* GPBaseViewController.swift */; };
		FF0E33C024C59681001BE07D /* GPNetworkingManager.swift in Sources */ = {isa = PBXBuildFile; fileRef = FF0E33BF24C59681001BE07D /* GPNetworkingManager.swift */; };
		FF0E33C224C596A6001BE07D /* GPRequestEntity.swift in Sources */ = {isa = PBXBuildFile; fileRef = FF0E33C124C596A6001BE07D /* GPRequestEntity.swift */; };
		FF0E33C424C596BA001BE07D /* GPResponeEntity.swift in Sources */ = {isa = PBXBuildFile; fileRef = FF0E33C324C596BA001BE07D /* GPResponeEntity.swift */; };
		FF0E33C624C59701001BE07D /* GPResponeParser.swift in Sources */ = {isa = PBXBuildFile; fileRef = FF0E33C524C59701001BE07D /* GPResponeParser.swift */; };
		FF0E33C824C5978B001BE07D /* GPNetworkingError.swift in Sources */ = {isa = PBXBuildFile; fileRef = FF0E33C724C5978B001BE07D /* GPNetworkingError.swift */; };
		FF0E33D124C59C74001BE07D /* GPReachabilityManager.swift in Sources */ = {isa = PBXBuildFile; fileRef = FF0E33D024C59C74001BE07D /* GPReachabilityManager.swift */; };
		FF2C08B624AAE8280004C7BA /* GPFoundation.h in Headers */ = {isa = PBXBuildFile; fileRef = FF2C08B424AAE8280004C7BA /* GPFoundation.h */; settings = {ATTRIBUTES = (Public, ); }; };
		FF2C08D124AAE9060004C7BA /* GPConstant.swift in Sources */ = {isa = PBXBuildFile; fileRef = FF2C08D024AAE9060004C7BA /* GPConstant.swift */; };
		FF2C08D424AAE97B0004C7BA /* AnimateLoadingView.swift in Sources */ = {isa = PBXBuildFile; fileRef = FF2C08D324AAE97B0004C7BA /* AnimateLoadingView.swift */; };
		FF2C08D724AAE9860004C7BA /* GPFont.swift in Sources */ = {isa = PBXBuildFile; fileRef = FF2C08D524AAE9860004C7BA /* GPFont.swift */; };
		FF2C08D824AAE9860004C7BA /* GPColor.swift in Sources */ = {isa = PBXBuildFile; fileRef = FF2C08D624AAE9860004C7BA /* GPColor.swift */; };
		FF3C900924AD7B4500DC0677 /* GPData.swift in Sources */ = {isa = PBXBuildFile; fileRef = FF3C900824AD7B4400DC0677 /* GPData.swift */; };
		FF79BEBB24DE43C50034ADC8 /* GPInt64.swift in Sources */ = {isa = PBXBuildFile; fileRef = FF79BEBA24DE43C50034ADC8 /* GPInt64.swift */; };
		FF96837E24AC849100024CCA /* GPUIViewController.swift in Sources */ = {isa = PBXBuildFile; fileRef = FF96837D24AC849100024CCA /* GPUIViewController.swift */; };
		FF96838024AC89DC00024CCA /* GPNavigationController.swift in Sources */ = {isa = PBXBuildFile; fileRef = FF96837F24AC89DC00024CCA /* GPNavigationController.swift */; };
		FF96838224AC920800024CCA /* GPUIButton.swift in Sources */ = {isa = PBXBuildFile; fileRef = FF96838124AC920800024CCA /* GPUIButton.swift */; };
		FF9CB20A24B9AB5A00FF468A /* Assets.xcassets in Resources */ = {isa = PBXBuildFile; fileRef = FF9CB20924B9AB5A00FF468A /* Assets.xcassets */; };
		FF9CB21224B9AD9F00FF468A /* R.generated.swift in Sources */ = {isa = PBXBuildFile; fileRef = FF9CB21124B9AD9F00FF468A /* R.generated.swift */; };
		FFB60E1E24AB0EF8007FF836 /* GPUITableView.swift in Sources */ = {isa = PBXBuildFile; fileRef = FFB60E1D24AB0EF8007FF836 /* GPUITableView.swift */; };
		FFB60E2024AB0F74007FF836 /* GPUITableViewCell.swift in Sources */ = {isa = PBXBuildFile; fileRef = FFB60E1F24AB0F74007FF836 /* GPUITableViewCell.swift */; };
		FFB60E3024AB2020007FF836 /* GPUIDevive.swift in Sources */ = {isa = PBXBuildFile; fileRef = FFB60E2F24AB2020007FF836 /* GPUIDevive.swift */; };
		FFB60E5024AB3883007FF836 /* GPUILabel.swift in Sources */ = {isa = PBXBuildFile; fileRef = FFB60E4F24AB3883007FF836 /* GPUILabel.swift */; };
		FFC9A5A525B955C50014CFBF /* HostManager.swift in Sources */ = {isa = PBXBuildFile; fileRef = FFC9A5A425B955C50014CFBF /* HostManager.swift */; };
		FFC9A5A825B957A90014CFBF /* MainHost.swift in Sources */ = {isa = PBXBuildFile; fileRef = FFC9A5A725B957A90014CFBF /* MainHost.swift */; };
		FFC9A5AB25B957B70014CFBF /* MainAPI.swift in Sources */ = {isa = PBXBuildFile; fileRef = FFC9A5AA25B957B70014CFBF /* MainAPI.swift */; };
		FFC9A5AF25B963FD0014CFBF /* MD5.swift in Sources */ = {isa = PBXBuildFile; fileRef = FFC9A5AE25B963FD0014CFBF /* MD5.swift */; };
		FFC9A5B225B964610014CFBF /* NetworkConfigure.swift in Sources */ = {isa = PBXBuildFile; fileRef = FFC9A5B125B964610014CFBF /* NetworkConfigure.swift */; };
		FFCF3DD124DD576C00CB428D /* GPString.swift in Sources */ = {isa = PBXBuildFile; fileRef = FFCF3DD024DD576C00CB428D /* GPString.swift */; };
/* End PBXBuildFile section */

/* Begin PBXFileReference section */
		12C553FF70CE095C517AC8F6 /* Pods-GPFoundation.debug.xcconfig */ = {isa = PBXFileReference; includeInIndex = 1; lastKnownFileType = text.xcconfig; name = "Pods-GPFoundation.debug.xcconfig"; path = "Target Support Files/Pods-GPFoundation/Pods-GPFoundation.debug.xcconfig"; sourceTree = "<group>"; };
		238B3271B4D223BB169DAFAA /* Pods-GPFoundation.release.xcconfig */ = {isa = PBXFileReference; includeInIndex = 1; lastKnownFileType = text.xcconfig; name = "Pods-GPFoundation.release.xcconfig"; path = "Target Support Files/Pods-GPFoundation/Pods-GPFoundation.release.xcconfig"; sourceTree = "<group>"; };
		29099DF42CF407721EC79FEE /* Pods_GPFoundation.framework */ = {isa = PBXFileReference; explicitFileType = wrapper.framework; includeInIndex = 0; path = Pods_GPFoundation.framework; sourceTree = BUILT_PRODUCTS_DIR; };
		FF0B7E7C258A087600A96AE4 /* GPArray.swift */ = {isa = PBXFileReference; lastKnownFileType = sourcecode.swift; path = GPArray.swift; sourceTree = "<group>"; };
		FF0B7E84258A11C800A96AE4 /* GPCell.swift */ = {isa = PBXFileReference; lastKnownFileType = sourcecode.swift; path = GPCell.swift; sourceTree = "<group>"; };
		FF0E33B024C58954001BE07D /* GPBaseViewController.swift */ = {isa = PBXFileReference; lastKnownFileType = sourcecode.swift; path = GPBaseViewController.swift; sourceTree = "<group>"; };
		FF0E33BF24C59681001BE07D /* GPNetworkingManager.swift */ = {isa = PBXFileReference; lastKnownFileType = sourcecode.swift; path = GPNetworkingManager.swift; sourceTree = "<group>"; };
		FF0E33C124C596A6001BE07D /* GPRequestEntity.swift */ = {isa = PBXFileReference; lastKnownFileType = sourcecode.swift; path = GPRequestEntity.swift; sourceTree = "<group>"; };
		FF0E33C324C596BA001BE07D /* GPResponeEntity.swift */ = {isa = PBXFileReference; lastKnownFileType = sourcecode.swift; path = GPResponeEntity.swift; sourceTree = "<group>"; };
		FF0E33C524C59701001BE07D /* GPResponeParser.swift */ = {isa = PBXFileReference; lastKnownFileType = sourcecode.swift; path = GPResponeParser.swift; sourceTree = "<group>"; };
		FF0E33C724C5978B001BE07D /* GPNetworkingError.swift */ = {isa = PBXFileReference; lastKnownFileType = sourcecode.swift; path = GPNetworkingError.swift; sourceTree = "<group>"; };
		FF0E33D024C59C74001BE07D /* GPReachabilityManager.swift */ = {isa = PBXFileReference; lastKnownFileType = sourcecode.swift; path = GPReachabilityManager.swift; sourceTree = "<group>"; };
		FF2C08B124AAE8280004C7BA /* GPFoundation.framework */ = {isa = PBXFileReference; explicitFileType = wrapper.framework; includeInIndex = 0; path = GPFoundation.framework; sourceTree = BUILT_PRODUCTS_DIR; };
		FF2C08B424AAE8280004C7BA /* GPFoundation.h */ = {isa = PBXFileReference; lastKnownFileType = sourcecode.c.h; path = GPFoundation.h; sourceTree = "<group>"; };
		FF2C08B524AAE8280004C7BA /* Info.plist */ = {isa = PBXFileReference; lastKnownFileType = text.plist.xml; path = Info.plist; sourceTree = "<group>"; };
		FF2C08D024AAE9060004C7BA /* GPConstant.swift */ = {isa = PBXFileReference; fileEncoding = 4; lastKnownFileType = sourcecode.swift; path = GPConstant.swift; sourceTree = "<group>"; };
		FF2C08D324AAE97B0004C7BA /* AnimateLoadingView.swift */ = {isa = PBXFileReference; fileEncoding = 4; lastKnownFileType = sourcecode.swift; path = AnimateLoadingView.swift; sourceTree = "<group>"; };
		FF2C08D524AAE9860004C7BA /* GPFont.swift */ = {isa = PBXFileReference; fileEncoding = 4; lastKnownFileType = sourcecode.swift; path = GPFont.swift; sourceTree = "<group>"; };
		FF2C08D624AAE9860004C7BA /* GPColor.swift */ = {isa = PBXFileReference; fileEncoding = 4; lastKnownFileType = sourcecode.swift; path = GPColor.swift; sourceTree = "<group>"; };
		FF3C900824AD7B4400DC0677 /* GPData.swift */ = {isa = PBXFileReference; lastKnownFileType = sourcecode.swift; path = GPData.swift; sourceTree = "<group>"; };
		FF79BEBA24DE43C50034ADC8 /* GPInt64.swift */ = {isa = PBXFileReference; lastKnownFileType = sourcecode.swift; path = GPInt64.swift; sourceTree = "<group>"; };
		FF96837D24AC849100024CCA /* GPUIViewController.swift */ = {isa = PBXFileReference; lastKnownFileType = sourcecode.swift; path = GPUIViewController.swift; sourceTree = "<group>"; };
		FF96837F24AC89DC00024CCA /* GPNavigationController.swift */ = {isa = PBXFileReference; lastKnownFileType = sourcecode.swift; path = GPNavigationController.swift; sourceTree = "<group>"; };
		FF96838124AC920800024CCA /* GPUIButton.swift */ = {isa = PBXFileReference; lastKnownFileType = sourcecode.swift; path = GPUIButton.swift; sourceTree = "<group>"; };
		FF9CB20924B9AB5A00FF468A /* Assets.xcassets */ = {isa = PBXFileReference; lastKnownFileType = folder.assetcatalog; path = Assets.xcassets; sourceTree = "<group>"; };
		FF9CB21124B9AD9F00FF468A /* R.generated.swift */ = {isa = PBXFileReference; fileEncoding = 4; lastKnownFileType = sourcecode.swift; name = R.generated.swift; path = ../R/R.generated.swift; sourceTree = "<group>"; };
		FFB60E1D24AB0EF8007FF836 /* GPUITableView.swift */ = {isa = PBXFileReference; lastKnownFileType = sourcecode.swift; path = GPUITableView.swift; sourceTree = "<group>"; };
		FFB60E1F24AB0F74007FF836 /* GPUITableViewCell.swift */ = {isa = PBXFileReference; lastKnownFileType = sourcecode.swift; path = GPUITableViewCell.swift; sourceTree = "<group>"; };
		FFB60E2F24AB2020007FF836 /* GPUIDevive.swift */ = {isa = PBXFileReference; lastKnownFileType = sourcecode.swift; path = GPUIDevive.swift; sourceTree = "<group>"; };
		FFB60E4F24AB3883007FF836 /* GPUILabel.swift */ = {isa = PBXFileReference; lastKnownFileType = sourcecode.swift; path = GPUILabel.swift; sourceTree = "<group>"; };
		FFC9A5A425B955C50014CFBF /* HostManager.swift */ = {isa = PBXFileReference; lastKnownFileType = sourcecode.swift; path = HostManager.swift; sourceTree = "<group>"; };
		FFC9A5A725B957A90014CFBF /* MainHost.swift */ = {isa = PBXFileReference; lastKnownFileType = sourcecode.swift; path = MainHost.swift; sourceTree = "<group>"; };
		FFC9A5AA25B957B70014CFBF /* MainAPI.swift */ = {isa = PBXFileReference; lastKnownFileType = sourcecode.swift; path = MainAPI.swift; sourceTree = "<group>"; };
		FFC9A5AE25B963FD0014CFBF /* MD5.swift */ = {isa = PBXFileReference; lastKnownFileType = sourcecode.swift; path = MD5.swift; sourceTree = "<group>"; };
		FFC9A5B125B964610014CFBF /* NetworkConfigure.swift */ = {isa = PBXFileReference; lastKnownFileType = sourcecode.swift; path = NetworkConfigure.swift; sourceTree = "<group>"; };
		FFCF3DD024DD576C00CB428D /* GPString.swift */ = {isa = PBXFileReference; lastKnownFileType = sourcecode.swift; path = GPString.swift; sourceTree = "<group>"; };
/* End PBXFileReference section */

/* Begin PBXFrameworksBuildPhase section */
		FF2C08AE24AAE8280004C7BA /* Frameworks */ = {
			isa = PBXFrameworksBuildPhase;
			buildActionMask = 2147483647;
			files = (
				1A3495135FE41A004ABFD2F6 /* Pods_GPFoundation.framework in Frameworks */,
			);
			runOnlyForDeploymentPostprocessing = 0;
		};
/* End PBXFrameworksBuildPhase section */

/* Begin PBXGroup section */
		00278BCBA5D0455DE5F9AC42 /* Pods */ = {
			isa = PBXGroup;
			children = (
				12C553FF70CE095C517AC8F6 /* Pods-GPFoundation.debug.xcconfig */,
				238B3271B4D223BB169DAFAA /* Pods-GPFoundation.release.xcconfig */,
			);
			name = Pods;
			path = ../Pods;
			sourceTree = "<group>";
		};
		8F34458A78C57941AA4276C0 /* Frameworks */ = {
			isa = PBXGroup;
			children = (
				29099DF42CF407721EC79FEE /* Pods_GPFoundation.framework */,
			);
			name = Frameworks;
			sourceTree = "<group>";
		};
		FF0E33BE24C59623001BE07D /* Networking */ = {
			isa = PBXGroup;
			children = (
				FF0E33BF24C59681001BE07D /* GPNetworkingManager.swift */,
				FF0E33C124C596A6001BE07D /* GPRequestEntity.swift */,
				FF0E33C324C596BA001BE07D /* GPResponeEntity.swift */,
				FF0E33C524C59701001BE07D /* GPResponeParser.swift */,
				FF0E33C724C5978B001BE07D /* GPNetworkingError.swift */,
				FF0E33D024C59C74001BE07D /* GPReachabilityManager.swift */,
			);
			path = Networking;
			sourceTree = "<group>";
		};
		FF2C08A724AAE8280004C7BA = {
			isa = PBXGroup;
			children = (
				FF2C08B324AAE8280004C7BA /* GPFoundation */,
				FF2C08B224AAE8280004C7BA /* Products */,
				00278BCBA5D0455DE5F9AC42 /* Pods */,
				8F34458A78C57941AA4276C0 /* Frameworks */,
			);
			sourceTree = "<group>";
		};
		FF2C08B224AAE8280004C7BA /* Products */ = {
			isa = PBXGroup;
			children = (
				FF2C08B124AAE8280004C7BA /* GPFoundation.framework */,
			);
			name = Products;
			sourceTree = "<group>";
		};
		FF2C08B324AAE8280004C7BA /* GPFoundation */ = {
			isa = PBXGroup;
			children = (
				FFC9A5AD25B963D30014CFBF /* Untils */,
				FFC9A59E25B954ED0014CFBF /* Host+API */,
				FF0E33BE24C59623001BE07D /* Networking */,
				FF2C08D224AAE9300004C7BA /* UI */,
				FF2C08CF24AAE8E10004C7BA /* Constant */,
				FF2C08CC24AAE8910004C7BA /* Extention */,
				FF2C08B424AAE8280004C7BA /* GPFoundation.h */,
				FF9CB21124B9AD9F00FF468A /* R.generated.swift */,
				FF9CB20924B9AB5A00FF468A /* Assets.xcassets */,
				FF2C08B524AAE8280004C7BA /* Info.plist */,
			);
			path = GPFoundation;
			sourceTree = "<group>";
		};
		FF2C08CC24AAE8910004C7BA /* Extention */ = {
			isa = PBXGroup;
			children = (
				FF2C08D624AAE9860004C7BA /* GPColor.swift */,
				FF2C08D524AAE9860004C7BA /* GPFont.swift */,
				FFB60E1D24AB0EF8007FF836 /* GPUITableView.swift */,
				FFB60E1F24AB0F74007FF836 /* GPUITableViewCell.swift */,
				FFB60E2F24AB2020007FF836 /* GPUIDevive.swift */,
				FFB60E4F24AB3883007FF836 /* GPUILabel.swift */,
				FF96837D24AC849100024CCA /* GPUIViewController.swift */,
				FF96838124AC920800024CCA /* GPUIButton.swift */,
				FF3C900824AD7B4400DC0677 /* GPData.swift */,
				FFCF3DD024DD576C00CB428D /* GPString.swift */,
				FF79BEBA24DE43C50034ADC8 /* GPInt64.swift */,
				FF0B7E7C258A087600A96AE4 /* GPArray.swift */,
				FF0B7E84258A11C800A96AE4 /* GPCell.swift */,
			);
			path = Extention;
			sourceTree = "<group>";
		};
		FF2C08CF24AAE8E10004C7BA /* Constant */ = {
			isa = PBXGroup;
			children = (
				FF2C08D024AAE9060004C7BA /* GPConstant.swift */,
			);
			path = Constant;
			sourceTree = "<group>";
		};
		FF2C08D224AAE9300004C7BA /* UI */ = {
			isa = PBXGroup;
			children = (
				FF2C08D324AAE97B0004C7BA /* AnimateLoadingView.swift */,
				FF96837F24AC89DC00024CCA /* GPNavigationController.swift */,
				FF0E33B024C58954001BE07D /* GPBaseViewController.swift */,
			);
			path = UI;
			sourceTree = "<group>";
		};
		FFC9A59E25B954ED0014CFBF /* Host+API */ = {
			isa = PBXGroup;
			children = (
				FFC9A5A425B955C50014CFBF /* HostManager.swift */,
				FFC9A5A725B957A90014CFBF /* MainHost.swift */,
				FFC9A5AA25B957B70014CFBF /* MainAPI.swift */,
			);
			path = "Host+API";
			sourceTree = "<group>";
		};
		FFC9A5AD25B963D30014CFBF /* Untils */ = {
			isa = PBXGroup;
			children = (
				FFC9A5AE25B963FD0014CFBF /* MD5.swift */,
				FFC9A5B125B964610014CFBF /* NetworkConfigure.swift */,
			);
			path = Untils;
			sourceTree = "<group>";
		};
/* End PBXGroup section */

/* Begin PBXHeadersBuildPhase section */
		FF2C08AC24AAE8280004C7BA /* Headers */ = {
			isa = PBXHeadersBuildPhase;
			buildActionMask = 2147483647;
			files = (
				FF2C08B624AAE8280004C7BA /* GPFoundation.h in Headers */,
			);
			runOnlyForDeploymentPostprocessing = 0;
		};
/* End PBXHeadersBuildPhase section */

/* Begin PBXNativeTarget section */
		FF2C08B024AAE8280004C7BA /* GPFoundation */ = {
			isa = PBXNativeTarget;
			buildConfigurationList = FF2C08B924AAE8280004C7BA /* Build configuration list for PBXNativeTarget "GPFoundation" */;
			buildPhases = (
				048D74E4281E1F1CBDF8CB2E /* [CP] Check Pods Manifest.lock */,
				FF9CB20B24B9AC3000FF468A /* ShellScript */,
				FF2C08AC24AAE8280004C7BA /* Headers */,
				FF2C08AD24AAE8280004C7BA /* Sources */,
				FF2C08AE24AAE8280004C7BA /* Frameworks */,
				FF2C08AF24AAE8280004C7BA /* Resources */,
			);
			buildRules = (
			);
			dependencies = (
			);
			name = GPFoundation;
			productName = GPFoundation;
			productReference = FF2C08B124AAE8280004C7BA /* GPFoundation.framework */;
			productType = "com.apple.product-type.framework";
		};
/* End PBXNativeTarget section */

/* Begin PBXProject section */
		FF2C08A824AAE8280004C7BA /* Project object */ = {
			isa = PBXProject;
			attributes = {
				LastUpgradeCheck = 1150;
				ORGANIZATIONNAME = Baillun;
				TargetAttributes = {
					FF2C08B024AAE8280004C7BA = {
						CreatedOnToolsVersion = 11.5;
						LastSwiftMigration = 1150;
					};
				};
			};
			buildConfigurationList = FF2C08AB24AAE8280004C7BA /* Build configuration list for PBXProject "GPFoundation" */;
			compatibilityVersion = "Xcode 9.3";
			developmentRegion = en;
			hasScannedForEncodings = 0;
			knownRegions = (
				en,
				Base,
			);
			mainGroup = FF2C08A724AAE8280004C7BA;
			productRefGroup = FF2C08B224AAE8280004C7BA /* Products */;
			projectDirPath = "";
			projectRoot = "";
			targets = (
				FF2C08B024AAE8280004C7BA /* GPFoundation */,
			);
		};
/* End PBXProject section */

/* Begin PBXResourcesBuildPhase section */
		FF2C08AF24AAE8280004C7BA /* Resources */ = {
			isa = PBXResourcesBuildPhase;
			buildActionMask = 2147483647;
			files = (
				FF9CB20A24B9AB5A00FF468A /* Assets.xcassets in Resources */,
			);
			runOnlyForDeploymentPostprocessing = 0;
		};
/* End PBXResourcesBuildPhase section */

/* Begin PBXShellScriptBuildPhase section */
		048D74E4281E1F1CBDF8CB2E /* [CP] Check Pods Manifest.lock */ = {
			isa = PBXShellScriptBuildPhase;
			buildActionMask = 2147483647;
			files = (
			);
			inputFileListPaths = (
			);
			inputPaths = (
				"${PODS_PODFILE_DIR_PATH}/Podfile.lock",
				"${PODS_ROOT}/Manifest.lock",
			);
			name = "[CP] Check Pods Manifest.lock";
			outputFileListPaths = (
			);
			outputPaths = (
				"$(DERIVED_FILE_DIR)/Pods-GPFoundation-checkManifestLockResult.txt",
			);
			runOnlyForDeploymentPostprocessing = 0;
			shellPath = /bin/sh;
			shellScript = "diff \"${PODS_PODFILE_DIR_PATH}/Podfile.lock\" \"${PODS_ROOT}/Manifest.lock\" > /dev/null\nif [ $? != 0 ] ; then\n    # print error to STDERR\n    echo \"error: The sandbox is not in sync with the Podfile.lock. Run 'pod install' or update your CocoaPods installation.\" >&2\n    exit 1\nfi\n# This output is used by Xcode 'outputs' to avoid re-running this script phase.\necho \"SUCCESS\" > \"${SCRIPT_OUTPUT_FILE_0}\"\n";
			showEnvVarsInLog = 0;
		};
		FF9CB20B24B9AC3000FF468A /* ShellScript */ = {
			isa = PBXShellScriptBuildPhase;
			buildActionMask = 2147483647;
			files = (
			);
			inputFileListPaths = (
			);
			inputPaths = (
				"$TEMP_DIR/rswift-lastrun",
			);
			outputFileListPaths = (
			);
			outputPaths = (
				$SRCROOT/R/R.generated.swift,
			);
			runOnlyForDeploymentPostprocessing = 0;
			shellPath = /bin/sh;
			shellScript = "# Type a script or drag a script file from your workspace to insert its path.\n\"$PODS_ROOT/R.swift/rswift\" generate \"$SRCROOT/R/R.generated.swift\"\n";
		};
/* End PBXShellScriptBuildPhase section */

/* Begin PBXSourcesBuildPhase section */
		FF2C08AD24AAE8280004C7BA /* Sources */ = {
			isa = PBXSourcesBuildPhase;
			buildActionMask = 2147483647;
			files = (
				FFB60E2024AB0F74007FF836 /* GPUITableViewCell.swift in Sources */,
				FF2C08D124AAE9060004C7BA /* GPConstant.swift in Sources */,
				FFC9A5AF25B963FD0014CFBF /* MD5.swift in Sources */,
				FF0E33B124C58954001BE07D /* GPBaseViewController.swift in Sources */,
				FF96837E24AC849100024CCA /* GPUIViewController.swift in Sources */,
				FF2C08D424AAE97B0004C7BA /* AnimateLoadingView.swift in Sources */,
				FF3C900924AD7B4500DC0677 /* GPData.swift in Sources */,
				FF0E33C824C5978B001BE07D /* GPNetworkingError.swift in Sources */,
				FF96838024AC89DC00024CCA /* GPNavigationController.swift in Sources */,
				FF0B7E85258A11C800A96AE4 /* GPCell.swift in Sources */,
				FF9CB21224B9AD9F00FF468A /* R.generated.swift in Sources */,
				FF0E33D124C59C74001BE07D /* GPReachabilityManager.swift in Sources */,
				FF96838224AC920800024CCA /* GPUIButton.swift in Sources */,
				FF0E33C024C59681001BE07D /* GPNetworkingManager.swift in Sources */,
				FFB60E1E24AB0EF8007FF836 /* GPUITableView.swift in Sources */,
				FFC9A5A825B957A90014CFBF /* MainHost.swift in Sources */,
				FFC9A5AB25B957B70014CFBF /* MainAPI.swift in Sources */,
				FF0E33C424C596BA001BE07D /* GPResponeEntity.swift in Sources */,
				FFC9A5A525B955C50014CFBF /* HostManager.swift in Sources */,
				FFC9A5B225B964610014CFBF /* NetworkConfigure.swift in Sources */,
				FFCF3DD124DD576C00CB428D /* GPString.swift in Sources */,
				FF2C08D824AAE9860004C7BA /* GPColor.swift in Sources */,
				FF2C08D724AAE9860004C7BA /* GPFont.swift in Sources */,
				FF79BEBB24DE43C50034ADC8 /* GPInt64.swift in Sources */,
				FF0E33C624C59701001BE07D /* GPResponeParser.swift in Sources */,
				FF0E33C224C596A6001BE07D /* GPRequestEntity.swift in Sources */,
				FFB60E3024AB2020007FF836 /* GPUIDevive.swift in Sources */,
				FF0B7E7D258A087600A96AE4 /* GPArray.swift in Sources */,
				FFB60E5024AB3883007FF836 /* GPUILabel.swift in Sources */,
			);
			runOnlyForDeploymentPostprocessing = 0;
		};
/* End PBXSourcesBuildPhase section */

/* Begin XCBuildConfiguration section */
		FF2C08B724AAE8280004C7BA /* Debug */ = {
			isa = XCBuildConfiguration;
			buildSettings = {
				ALWAYS_SEARCH_USER_PATHS = NO;
				CLANG_ANALYZER_NONNULL = YES;
				CLANG_ANALYZER_NUMBER_OBJECT_CONVERSION = YES_AGGRESSIVE;
				CLANG_CXX_LANGUAGE_STANDARD = "gnu++14";
				CLANG_CXX_LIBRARY = "libc++";
				CLANG_ENABLE_MODULES = YES;
				CLANG_ENABLE_OBJC_ARC = YES;
				CLANG_ENABLE_OBJC_WEAK = YES;
				CLANG_WARN_BLOCK_CAPTURE_AUTORELEASING = YES;
				CLANG_WARN_BOOL_CONVERSION = YES;
				CLANG_WARN_COMMA = YES;
				CLANG_WARN_CONSTANT_CONVERSION = YES;
				CLANG_WARN_DEPRECATED_OBJC_IMPLEMENTATIONS = YES;
				CLANG_WARN_DIRECT_OBJC_ISA_USAGE = YES_ERROR;
				CLANG_WARN_DOCUMENTATION_COMMENTS = YES;
				CLANG_WARN_EMPTY_BODY = YES;
				CLANG_WARN_ENUM_CONVERSION = YES;
				CLANG_WARN_INFINITE_RECURSION = YES;
				CLANG_WARN_INT_CONVERSION = YES;
				CLANG_WARN_NON_LITERAL_NULL_CONVERSION = YES;
				CLANG_WARN_OBJC_IMPLICIT_RETAIN_SELF = YES;
				CLANG_WARN_OBJC_LITERAL_CONVERSION = YES;
				CLANG_WARN_OBJC_ROOT_CLASS = YES_ERROR;
				CLANG_WARN_RANGE_LOOP_ANALYSIS = YES;
				CLANG_WARN_STRICT_PROTOTYPES = YES;
				CLANG_WARN_SUSPICIOUS_MOVE = YES;
				CLANG_WARN_UNGUARDED_AVAILABILITY = YES_AGGRESSIVE;
				CLANG_WARN_UNREACHABLE_CODE = YES;
				CLANG_WARN__DUPLICATE_METHOD_MATCH = YES;
				COPY_PHASE_STRIP = NO;
				CURRENT_PROJECT_VERSION = 1;
				DEBUG_INFORMATION_FORMAT = dwarf;
				ENABLE_STRICT_OBJC_MSGSEND = YES;
				ENABLE_TESTABILITY = YES;
				GCC_C_LANGUAGE_STANDARD = gnu11;
				GCC_DYNAMIC_NO_PIC = NO;
				GCC_NO_COMMON_BLOCKS = YES;
				GCC_OPTIMIZATION_LEVEL = 0;
				GCC_PREPROCESSOR_DEFINITIONS = (
					"DEBUG=1",
					"$(inherited)",
				);
				GCC_WARN_64_TO_32_BIT_CONVERSION = YES;
				GCC_WARN_ABOUT_RETURN_TYPE = YES_ERROR;
				GCC_WARN_UNDECLARED_SELECTOR = YES;
				GCC_WARN_UNINITIALIZED_AUTOS = YES_AGGRESSIVE;
				GCC_WARN_UNUSED_FUNCTION = YES;
				GCC_WARN_UNUSED_VARIABLE = YES;
				IPHONEOS_DEPLOYMENT_TARGET = 11.0;
				MTL_ENABLE_DEBUG_INFO = INCLUDE_SOURCE;
				MTL_FAST_MATH = YES;
				ONLY_ACTIVE_ARCH = YES;
				SDKROOT = iphoneos;
				SWIFT_ACTIVE_COMPILATION_CONDITIONS = DEBUG;
				SWIFT_OPTIMIZATION_LEVEL = "-Onone";
				VERSIONING_SYSTEM = "apple-generic";
				VERSION_INFO_PREFIX = "";
			};
			name = Debug;
		};
		FF2C08B824AAE8280004C7BA /* Release */ = {
			isa = XCBuildConfiguration;
			buildSettings = {
				ALWAYS_SEARCH_USER_PATHS = NO;
				CLANG_ANALYZER_NONNULL = YES;
				CLANG_ANALYZER_NUMBER_OBJECT_CONVERSION = YES_AGGRESSIVE;
				CLANG_CXX_LANGUAGE_STANDARD = "gnu++14";
				CLANG_CXX_LIBRARY = "libc++";
				CLANG_ENABLE_MODULES = YES;
				CLANG_ENABLE_OBJC_ARC = YES;
				CLANG_ENABLE_OBJC_WEAK = YES;
				CLANG_WARN_BLOCK_CAPTURE_AUTORELEASING = YES;
				CLANG_WARN_BOOL_CONVERSION = YES;
				CLANG_WARN_COMMA = YES;
				CLANG_WARN_CONSTANT_CONVERSION = YES;
				CLANG_WARN_DEPRECATED_OBJC_IMPLEMENTATIONS = YES;
				CLANG_WARN_DIRECT_OBJC_ISA_USAGE = YES_ERROR;
				CLANG_WARN_DOCUMENTATION_COMMENTS = YES;
				CLANG_WARN_EMPTY_BODY = YES;
				CLANG_WARN_ENUM_CONVERSION = YES;
				CLANG_WARN_INFINITE_RECURSION = YES;
				CLANG_WARN_INT_CONVERSION = YES;
				CLANG_WARN_NON_LITERAL_NULL_CONVERSION = YES;
				CLANG_WARN_OBJC_IMPLICIT_RETAIN_SELF = YES;
				CLANG_WARN_OBJC_LITERAL_CONVERSION = YES;
				CLANG_WARN_OBJC_ROOT_CLASS = YES_ERROR;
				CLANG_WARN_RANGE_LOOP_ANALYSIS = YES;
				CLANG_WARN_STRICT_PROTOTYPES = YES;
				CLANG_WARN_SUSPICIOUS_MOVE = YES;
				CLANG_WARN_UNGUARDED_AVAILABILITY = YES_AGGRESSIVE;
				CLANG_WARN_UNREACHABLE_CODE = YES;
				CLANG_WARN__DUPLICATE_METHOD_MATCH = YES;
				COPY_PHASE_STRIP = NO;
				CURRENT_PROJECT_VERSION = 1;
				DEBUG_INFORMATION_FORMAT = "dwarf-with-dsym";
				ENABLE_NS_ASSERTIONS = NO;
				ENABLE_STRICT_OBJC_MSGSEND = YES;
				GCC_C_LANGUAGE_STANDARD = gnu11;
				GCC_NO_COMMON_BLOCKS = YES;
				GCC_WARN_64_TO_32_BIT_CONVERSION = YES;
				GCC_WARN_ABOUT_RETURN_TYPE = YES_ERROR;
				GCC_WARN_UNDECLARED_SELECTOR = YES;
				GCC_WARN_UNINITIALIZED_AUTOS = YES_AGGRESSIVE;
				GCC_WARN_UNUSED_FUNCTION = YES;
				GCC_WARN_UNUSED_VARIABLE = YES;
				IPHONEOS_DEPLOYMENT_TARGET = 11.0;
				MTL_ENABLE_DEBUG_INFO = NO;
				MTL_FAST_MATH = YES;
				SDKROOT = iphoneos;
				SWIFT_COMPILATION_MODE = wholemodule;
				SWIFT_OPTIMIZATION_LEVEL = "-O";
				VALIDATE_PRODUCT = YES;
				VERSIONING_SYSTEM = "apple-generic";
				VERSION_INFO_PREFIX = "";
			};
			name = Release;
		};
		FF2C08BA24AAE8280004C7BA /* Debug */ = {
			isa = XCBuildConfiguration;
			baseConfigurationReference = 12C553FF70CE095C517AC8F6 /* Pods-GPFoundation.debug.xcconfig */;
			buildSettings = {
				CLANG_ENABLE_MODULES = YES;
				CODE_SIGN_STYLE = Automatic;
				DEFINES_MODULE = YES;
				DEVELOPMENT_TEAM = 6C95N65QXM;
				DYLIB_COMPATIBILITY_VERSION = 1;
				DYLIB_CURRENT_VERSION = 1;
				DYLIB_INSTALL_NAME_BASE = "@rpath";
				INFOPLIST_FILE = GPFoundation/Info.plist;
				INSTALL_PATH = "$(LOCAL_LIBRARY_DIR)/Frameworks";
				LD_RUNPATH_SEARCH_PATHS = (
					"$(inherited)",
					"@executable_path/Frameworks",
					"@loader_path/Frameworks",
				);
				PRODUCT_BUNDLE_IDENTIFIER = rockest.com.GPFoundation;
				PRODUCT_NAME = "$(TARGET_NAME:c99extidentifier)";
				SKIP_INSTALL = YES;
				SWIFT_OPTIMIZATION_LEVEL = "-Onone";
				SWIFT_VERSION = 5.0;
				TARGETED_DEVICE_FAMILY = "1,2";
			};
			name = Debug;
		};
		FF2C08BB24AAE8280004C7BA /* Release */ = {
			isa = XCBuildConfiguration;
			baseConfigurationReference = 238B3271B4D223BB169DAFAA /* Pods-GPFoundation.release.xcconfig */;
			buildSettings = {
				CLANG_ENABLE_MODULES = YES;
				CODE_SIGN_STYLE = Automatic;
				DEFINES_MODULE = YES;
				DEVELOPMENT_TEAM = 6C95N65QXM;
				DYLIB_COMPATIBILITY_VERSION = 1;
				DYLIB_CURRENT_VERSION = 1;
				DYLIB_INSTALL_NAME_BASE = "@rpath";
				INFOPLIST_FILE = GPFoundation/Info.plist;
				INSTALL_PATH = "$(LOCAL_LIBRARY_DIR)/Frameworks";
				LD_RUNPATH_SEARCH_PATHS = (
					"$(inherited)",
					"@executable_path/Frameworks",
					"@loader_path/Frameworks",
				);
				PRODUCT_BUNDLE_IDENTIFIER = rockest.com.GPFoundation;
				PRODUCT_NAME = "$(TARGET_NAME:c99extidentifier)";
				SKIP_INSTALL = YES;
				SWIFT_VERSION = 5.0;
				TARGETED_DEVICE_FAMILY = "1,2";
			};
			name = Release;
		};
/* End XCBuildConfiguration section */

/* Begin XCConfigurationList section */
		FF2C08AB24AAE8280004C7BA /* Build configuration list for PBXProject "GPFoundation" */ = {
			isa = XCConfigurationList;
			buildConfigurations = (
				FF2C08B724AAE8280004C7BA /* Debug */,
				FF2C08B824AAE8280004C7BA /* Release */,
			);
			defaultConfigurationIsVisible = 0;
			defaultConfigurationName = Release;
		};
		FF2C08B924AAE8280004C7BA /* Build configuration list for PBXNativeTarget "GPFoundation" */ = {
			isa = XCConfigurationList;
			buildConfigurations = (
				FF2C08BA24AAE8280004C7BA /* Debug */,
				FF2C08BB24AAE8280004C7BA /* Release */,
			);
			defaultConfigurationIsVisible = 0;
			defaultConfigurationName = Release;
		};
/* End XCConfigurationList section */
	};
	rootObject = FF2C08A824AAE8280004C7BA /* Project object */;
}
