// !$*UTF8*$!
{
	archiveVersion = 1;
	classes = {
	};
	objectVersion = 51;
	objects = {

/* Begin PBXBuildFile section */
		234A2C2B332C5EA794BE2338 /* Pods_Mine.framework in Frameworks */ = {isa = PBXBuildFile; fileRef = 68CEC4C7B83B866F906F0FDB /* Pods_Mine.framework */; };
		FF3ACFF32452BF0600349798 /* Assets.xcassets in Resources */ = {isa = PBXBuildFile; fileRef = FF3ACFF22452BF0600349798 /* Assets.xcassets */; };
		FF3AD1122452D67200349798 /* MainPagePresenter.swift in Sources */ = {isa = PBXBuildFile; fileRef = FF3AD10C2452D67200349798 /* MainPagePresenter.swift */; };
		FF3AD1132452D67200349798 /* MainPageProtocols.swift in Sources */ = {isa = PBXBuildFile; fileRef = FF3AD10D2452D67200349798 /* MainPageProtocols.swift */; };
		FF3AD1142452D67200349798 /* MainPageInteractor.swift in Sources */ = {isa = PBXBuildFile; fileRef = FF3AD10F2452D67200349798 /* MainPageInteractor.swift */; };
		FF3AD1152452D67200349798 /* MainPageViewController.swift in Sources */ = {isa = PBXBuildFile; fileRef = FF3AD1112452D67200349798 /* MainPageViewController.swift */; };
/* End PBXBuildFile section */

/* Begin PBXFileReference section */
		68CEC4C7B83B866F906F0FDB /* Pods_Mine.framework */ = {isa = PBXFileReference; explicitFileType = wrapper.framework; includeInIndex = 0; path = Pods_Mine.framework; sourceTree = BUILT_PRODUCTS_DIR; };
		8E62EAFB8B4B461C776A0A2F /* Pods-Mine.debug.xcconfig */ = {isa = PBXFileReference; includeInIndex = 1; lastKnownFileType = text.xcconfig; name = "Pods-Mine.debug.xcconfig"; path = "Target Support Files/Pods-Mine/Pods-Mine.debug.xcconfig"; sourceTree = "<group>"; };
		AB6689B8A66971D4D075C9AB /* Pods-Mine.release.xcconfig */ = {isa = PBXFileReference; includeInIndex = 1; lastKnownFileType = text.xcconfig; name = "Pods-Mine.release.xcconfig"; path = "Target Support Files/Pods-Mine/Pods-Mine.release.xcconfig"; sourceTree = "<group>"; };
		FF3ACFE62452BF0400349798 /* Mine.app */ = {isa = PBXFileReference; explicitFileType = wrapper.application; includeInIndex = 0; path = Mine.app; sourceTree = BUILT_PRODUCTS_DIR; };
		FF3ACFF22452BF0600349798 /* Assets.xcassets */ = {isa = PBXFileReference; lastKnownFileType = folder.assetcatalog; path = Assets.xcassets; sourceTree = "<group>"; };
		FF3ACFF72452BF0600349798 /* Info.plist */ = {isa = PBXFileReference; lastKnownFileType = text.plist.xml; path = Info.plist; sourceTree = "<group>"; };
		FF3AD10C2452D67200349798 /* MainPagePresenter.swift */ = {isa = PBXFileReference; fileEncoding = 4; lastKnownFileType = sourcecode.swift; path = MainPagePresenter.swift; sourceTree = "<group>"; };
		FF3AD10D2452D67200349798 /* MainPageProtocols.swift */ = {isa = PBXFileReference; fileEncoding = 4; lastKnownFileType = sourcecode.swift; path = MainPageProtocols.swift; sourceTree = "<group>"; };
		FF3AD10F2452D67200349798 /* MainPageInteractor.swift */ = {isa = PBXFileReference; fileEncoding = 4; lastKnownFileType = sourcecode.swift; path = MainPageInteractor.swift; sourceTree = "<group>"; };
		FF3AD1112452D67200349798 /* MainPageViewController.swift */ = {isa = PBXFileReference; fileEncoding = 4; lastKnownFileType = sourcecode.swift; path = MainPageViewController.swift; sourceTree = "<group>"; };
/* End PBXFileReference section */

/* Begin PBXFrameworksBuildPhase section */
		FF3ACFE32452BF0400349798 /* Frameworks */ = {
			isa = PBXFrameworksBuildPhase;
			buildActionMask = 2147483647;
			files = (
				234A2C2B332C5EA794BE2338 /* Pods_Mine.framework in Frameworks */,
			);
			runOnlyForDeploymentPostprocessing = 0;
		};
/* End PBXFrameworksBuildPhase section */

/* Begin PBXGroup section */
		4DFC61185307E9BAECE96B2C /* Frameworks */ = {
			isa = PBXGroup;
			children = (
				68CEC4C7B83B866F906F0FDB /* Pods_Mine.framework */,
			);
			name = Frameworks;
			sourceTree = "<group>";
		};
		9307A3F6CFB4B24FC55BF8F0 /* Pods */ = {
			isa = PBXGroup;
			children = (
				8E62EAFB8B4B461C776A0A2F /* Pods-Mine.debug.xcconfig */,
				AB6689B8A66971D4D075C9AB /* Pods-Mine.release.xcconfig */,
			);
			name = Pods;
			path = ../Pods;
			sourceTree = "<group>";
		};
		FF3ACFDD2452BF0400349798 = {
			isa = PBXGroup;
			children = (
				FF3ACFE82452BF0400349798 /* Mine */,
				FF3ACFE72452BF0400349798 /* Products */,
				9307A3F6CFB4B24FC55BF8F0 /* Pods */,
				4DFC61185307E9BAECE96B2C /* Frameworks */,
			);
			sourceTree = "<group>";
		};
		FF3ACFE72452BF0400349798 /* Products */ = {
			isa = PBXGroup;
			children = (
				FF3ACFE62452BF0400349798 /* Mine.app */,
			);
			name = Products;
			sourceTree = "<group>";
		};
		FF3ACFE82452BF0400349798 /* Mine */ = {
			isa = PBXGroup;
			children = (
				FF3AD10A2452D67200349798 /* MainPage */,
				FF3ACFF22452BF0600349798 /* Assets.xcassets */,
				FF3ACFF72452BF0600349798 /* Info.plist */,
			);
			path = Mine;
			sourceTree = "<group>";
		};
		FF3AD10A2452D67200349798 /* MainPage */ = {
			isa = PBXGroup;
			children = (
				FF3AD10D2452D67200349798 /* MainPageProtocols.swift */,
				FF3AD10E2452D67200349798 /* Model */,
				FF3AD10B2452D67200349798 /* Presenter */,
				FF3AD1102452D67200349798 /* View */,
			);
			path = MainPage;
			sourceTree = "<group>";
		};
		FF3AD10B2452D67200349798 /* Presenter */ = {
			isa = PBXGroup;
			children = (
				FF3AD10C2452D67200349798 /* MainPagePresenter.swift */,
			);
			path = Presenter;
			sourceTree = "<group>";
		};
		FF3AD10E2452D67200349798 /* Model */ = {
			isa = PBXGroup;
			children = (
				FF3AD10F2452D67200349798 /* MainPageInteractor.swift */,
			);
			path = Model;
			sourceTree = "<group>";
		};
		FF3AD1102452D67200349798 /* View */ = {
			isa = PBXGroup;
			children = (
				FF3AD1112452D67200349798 /* MainPageViewController.swift */,
			);
			path = View;
			sourceTree = "<group>";
		};
/* End PBXGroup section */

/* Begin PBXNativeTarget section */
		FF3ACFE52452BF0400349798 /* Mine */ = {
			isa = PBXNativeTarget;
			buildConfigurationList = FF3ACFFA2452BF0600349798 /* Build configuration list for PBXNativeTarget "Mine" */;
			buildPhases = (
				BB111AEA3178A5FABAB4BCAB /* [CP] Check Pods Manifest.lock */,
				FF3ACFE22452BF0400349798 /* Sources */,
				FF3ACFE32452BF0400349798 /* Frameworks */,
				FF3ACFE42452BF0400349798 /* Resources */,
				AC45E1A5B7FFA6B3F5CD0210 /* [CP] Embed Pods Frameworks */,
			);
			buildRules = (
			);
			dependencies = (
			);
			name = Mine;
			productName = Mine;
			productReference = FF3ACFE62452BF0400349798 /* Mine.app */;
			productType = "com.apple.product-type.application";
		};
/* End PBXNativeTarget section */

/* Begin PBXProject section */
		FF3ACFDE2452BF0400349798 /* Project object */ = {
			isa = PBXProject;
			attributes = {
				LastSwiftUpdateCheck = 1130;
				LastUpgradeCheck = 1130;
				ORGANIZATIONNAME = hend;
				TargetAttributes = {
					FF3ACFE52452BF0400349798 = {
						CreatedOnToolsVersion = 11.3.1;
					};
				};
			};
			buildConfigurationList = FF3ACFE12452BF0400349798 /* Build configuration list for PBXProject "Mine" */;
			compatibilityVersion = "Xcode 9.3";
			developmentRegion = en;
			hasScannedForEncodings = 0;
			knownRegions = (
				en,
				Base,
			);
			mainGroup = FF3ACFDD2452BF0400349798;
			productRefGroup = FF3ACFE72452BF0400349798 /* Products */;
			projectDirPath = "";
			projectRoot = "";
			targets = (
				FF3ACFE52452BF0400349798 /* Mine */,
			);
		};
/* End PBXProject section */

/* Begin PBXResourcesBuildPhase section */
		FF3ACFE42452BF0400349798 /* Resources */ = {
			isa = PBXResourcesBuildPhase;
			buildActionMask = 2147483647;
			files = (
				FF3ACFF32452BF0600349798 /* Assets.xcassets in Resources */,
			);
			runOnlyForDeploymentPostprocessing = 0;
		};
/* End PBXResourcesBuildPhase section */

/* Begin PBXShellScriptBuildPhase section */
		AC45E1A5B7FFA6B3F5CD0210 /* [CP] Embed Pods Frameworks */ = {
			isa = PBXShellScriptBuildPhase;
			buildActionMask = 2147483647;
			files = (
			);
			inputFileListPaths = (
				"${PODS_ROOT}/Target Support Files/Pods-Mine/Pods-Mine-frameworks-${CONFIGURATION}-input-files.xcfilelist",
			);
			name = "[CP] Embed Pods Frameworks";
			outputFileListPaths = (
				"${PODS_ROOT}/Target Support Files/Pods-Mine/Pods-Mine-frameworks-${CONFIGURATION}-output-files.xcfilelist",
			);
			runOnlyForDeploymentPostprocessing = 0;
			shellPath = /bin/sh;
			shellScript = "\"${PODS_ROOT}/Target Support Files/Pods-Mine/Pods-Mine-frameworks.sh\"\n";
			showEnvVarsInLog = 0;
		};
		BB111AEA3178A5FABAB4BCAB /* [CP] Check Pods Manifest.lock */ = {
			isa = PBXShellScriptBuildPhase;
			buildActionMask = 2147483647;
			files = (
			);
			inputFileListPaths = (
			);
			inputPaths = (
				"${PODS_PODFILE_DIR_PATH}/Podfile.lock",
				"${PODS_ROOT}/Manifest.lock",
			);
			name = "[CP] Check Pods Manifest.lock";
			outputFileListPaths = (
			);
			outputPaths = (
				"$(DERIVED_FILE_DIR)/Pods-Mine-checkManifestLockResult.txt",
			);
			runOnlyForDeploymentPostprocessing = 0;
			shellPath = /bin/sh;
			shellScript = "diff \"${PODS_PODFILE_DIR_PATH}/Podfile.lock\" \"${PODS_ROOT}/Manifest.lock\" > /dev/null\nif [ $? != 0 ] ; then\n    # print error to STDERR\n    echo \"error: The sandbox is not in sync with the Podfile.lock. Run 'pod install' or update your CocoaPods installation.\" >&2\n    exit 1\nfi\n# This output is used by Xcode 'outputs' to avoid re-running this script phase.\necho \"SUCCESS\" > \"${SCRIPT_OUTPUT_FILE_0}\"\n";
			showEnvVarsInLog = 0;
		};
/* End PBXShellScriptBuildPhase section */

/* Begin PBXSourcesBuildPhase section */
		FF3ACFE22452BF0400349798 /* Sources */ = {
			isa = PBXSourcesBuildPhase;
			buildActionMask = 2147483647;
			files = (
				FF3AD1152452D67200349798 /* MainPageViewController.swift in Sources */,
				FF3AD1122452D67200349798 /* MainPagePresenter.swift in Sources */,
				FF3AD1142452D67200349798 /* MainPageInteractor.swift in Sources */,
				FF3AD1132452D67200349798 /* MainPageProtocols.swift in Sources */,
			);
			runOnlyForDeploymentPostprocessing = 0;
		};
/* End PBXSourcesBuildPhase section */

/* Begin XCBuildConfiguration section */
		FF3ACFF82452BF0600349798 /* Debug */ = {
			isa = XCBuildConfiguration;
			buildSettings = {
				ALWAYS_SEARCH_USER_PATHS = NO;
				CLANG_ANALYZER_NONNULL = YES;
				CLANG_ANALYZER_NUMBER_OBJECT_CONVERSION = YES_AGGRESSIVE;
				CLANG_CXX_LANGUAGE_STANDARD = "gnu++14";
				CLANG_CXX_LIBRARY = "libc++";
				CLANG_ENABLE_MODULES = YES;
				CLANG_ENABLE_OBJC_ARC = YES;
				CLANG_ENABLE_OBJC_WEAK = YES;
				CLANG_WARN_BLOCK_CAPTURE_AUTORELEASING = YES;
				CLANG_WARN_BOOL_CONVERSION = YES;
				CLANG_WARN_COMMA = YES;
				CLANG_WARN_CONSTANT_CONVERSION = YES;
				CLANG_WARN_DEPRECATED_OBJC_IMPLEMENTATIONS = YES;
				CLANG_WARN_DIRECT_OBJC_ISA_USAGE = YES_ERROR;
				CLANG_WARN_DOCUMENTATION_COMMENTS = YES;
				CLANG_WARN_EMPTY_BODY = YES;
				CLANG_WARN_ENUM_CONVERSION = YES;
				CLANG_WARN_INFINITE_RECURSION = YES;
				CLANG_WARN_INT_CONVERSION = YES;
				CLANG_WARN_NON_LITERAL_NULL_CONVERSION = YES;
				CLANG_WARN_OBJC_IMPLICIT_RETAIN_SELF = YES;
				CLANG_WARN_OBJC_LITERAL_CONVERSION = YES;
				CLANG_WARN_OBJC_ROOT_CLASS = YES_ERROR;
				CLANG_WARN_RANGE_LOOP_ANALYSIS = YES;
				CLANG_WARN_STRICT_PROTOTYPES = YES;
				CLANG_WARN_SUSPICIOUS_MOVE = YES;
				CLANG_WARN_UNGUARDED_AVAILABILITY = YES_AGGRESSIVE;
				CLANG_WARN_UNREACHABLE_CODE = YES;
				CLANG_WARN__DUPLICATE_METHOD_MATCH = YES;
				COPY_PHASE_STRIP = NO;
				DEBUG_INFORMATION_FORMAT = dwarf;
				ENABLE_STRICT_OBJC_MSGSEND = YES;
				ENABLE_TESTABILITY = YES;
				GCC_C_LANGUAGE_STANDARD = gnu11;
				GCC_DYNAMIC_NO_PIC = NO;
				GCC_NO_COMMON_BLOCKS = YES;
				GCC_OPTIMIZATION_LEVEL = 0;
				GCC_PREPROCESSOR_DEFINITIONS = (
					"DEBUG=1",
					"$(inherited)",
				);
				GCC_WARN_64_TO_32_BIT_CONVERSION = YES;
				GCC_WARN_ABOUT_RETURN_TYPE = YES_ERROR;
				GCC_WARN_UNDECLARED_SELECTOR = YES;
				GCC_WARN_UNINITIALIZED_AUTOS = YES_AGGRESSIVE;
				GCC_WARN_UNUSED_FUNCTION = YES;
				GCC_WARN_UNUSED_VARIABLE = YES;
				IPHONEOS_DEPLOYMENT_TARGET = 13.2;
				MTL_ENABLE_DEBUG_INFO = INCLUDE_SOURCE;
				MTL_FAST_MATH = YES;
				ONLY_ACTIVE_ARCH = YES;
				SDKROOT = iphoneos;
				SWIFT_ACTIVE_COMPILATION_CONDITIONS = DEBUG;
				SWIFT_OPTIMIZATION_LEVEL = "-Onone";
			};
			name = Debug;
		};
		FF3ACFF92452BF0600349798 /* Release */ = {
			isa = XCBuildConfiguration;
			buildSettings = {
				ALWAYS_SEARCH_USER_PATHS = NO;
				CLANG_ANALYZER_NONNULL = YES;
				CLANG_ANALYZER_NUMBER_OBJECT_CONVERSION = YES_AGGRESSIVE;
				CLANG_CXX_LANGUAGE_STANDARD = "gnu++14";
				CLANG_CXX_LIBRARY = "libc++";
				CLANG_ENABLE_MODULES = YES;
				CLANG_ENABLE_OBJC_ARC = YES;
				CLANG_ENABLE_OBJC_WEAK = YES;
				CLANG_WARN_BLOCK_CAPTURE_AUTORELEASING = YES;
				CLANG_WARN_BOOL_CONVERSION = YES;
				CLANG_WARN_COMMA = YES;
				CLANG_WARN_CONSTANT_CONVERSION = YES;
				CLANG_WARN_DEPRECATED_OBJC_IMPLEMENTATIONS = YES;
				CLANG_WARN_DIRECT_OBJC_ISA_USAGE = YES_ERROR;
				CLANG_WARN_DOCUMENTATION_COMMENTS = YES;
				CLANG_WARN_EMPTY_BODY = YES;
				CLANG_WARN_ENUM_CONVERSION = YES;
				CLANG_WARN_INFINITE_RECURSION = YES;
				CLANG_WARN_INT_CONVERSION = YES;
				CLANG_WARN_NON_LITERAL_NULL_CONVERSION = YES;
				CLANG_WARN_OBJC_IMPLICIT_RETAIN_SELF = YES;
				CLANG_WARN_OBJC_LITERAL_CONVERSION = YES;
				CLANG_WARN_OBJC_ROOT_CLASS = YES_ERROR;
				CLANG_WARN_RANGE_LOOP_ANALYSIS = YES;
				CLANG_WARN_STRICT_PROTOTYPES = YES;
				CLANG_WARN_SUSPICIOUS_MOVE = YES;
				CLANG_WARN_UNGUARDED_AVAILABILITY = YES_AGGRESSIVE;
				CLANG_WARN_UNREACHABLE_CODE = YES;
				CLANG_WARN__DUPLICATE_METHOD_MATCH = YES;
				COPY_PHASE_STRIP = NO;
				DEBUG_INFORMATION_FORMAT = "dwarf-with-dsym";
				ENABLE_NS_ASSERTIONS = NO;
				ENABLE_STRICT_OBJC_MSGSEND = YES;
				GCC_C_LANGUAGE_STANDARD = gnu11;
				GCC_NO_COMMON_BLOCKS = YES;
				GCC_WARN_64_TO_32_BIT_CONVERSION = YES;
				GCC_WARN_ABOUT_RETURN_TYPE = YES_ERROR;
				GCC_WARN_UNDECLARED_SELECTOR = YES;
				GCC_WARN_UNINITIALIZED_AUTOS = YES_AGGRESSIVE;
				GCC_WARN_UNUSED_FUNCTION = YES;
				GCC_WARN_UNUSED_VARIABLE = YES;
				IPHONEOS_DEPLOYMENT_TARGET = 13.2;
				MTL_ENABLE_DEBUG_INFO = NO;
				MTL_FAST_MATH = YES;
				SDKROOT = iphoneos;
				SWIFT_COMPILATION_MODE = wholemodule;
				SWIFT_OPTIMIZATION_LEVEL = "-O";
				VALIDATE_PRODUCT = YES;
			};
			name = Release;
		};
		FF3ACFFB2452BF0600349798 /* Debug */ = {
			isa = XCBuildConfiguration;
			baseConfigurationReference = 8E62EAFB8B4B461C776A0A2F /* Pods-Mine.debug.xcconfig */;
			buildSettings = {
				ASSETCATALOG_COMPILER_APPICON_NAME = AppIcon;
				CODE_SIGN_STYLE = Automatic;
				INFOPLIST_FILE = Mine/Info.plist;
				LD_RUNPATH_SEARCH_PATHS = (
					"$(inherited)",
					"@executable_path/Frameworks",
				);
				PRODUCT_BUNDLE_IDENTIFIER = lancoo.com.Mine;
				PRODUCT_NAME = "$(TARGET_NAME)";
				SWIFT_VERSION = 5.0;
				TARGETED_DEVICE_FAMILY = "1,2";
			};
			name = Debug;
		};
		FF3ACFFC2452BF0600349798 /* Release */ = {
			isa = XCBuildConfiguration;
			baseConfigurationReference = AB6689B8A66971D4D075C9AB /* Pods-Mine.release.xcconfig */;
			buildSettings = {
				ASSETCATALOG_COMPILER_APPICON_NAME = AppIcon;
				CODE_SIGN_STYLE = Automatic;
				INFOPLIST_FILE = Mine/Info.plist;
				LD_RUNPATH_SEARCH_PATHS = (
					"$(inherited)",
					"@executable_path/Frameworks",
				);
				PRODUCT_BUNDLE_IDENTIFIER = lancoo.com.Mine;
				PRODUCT_NAME = "$(TARGET_NAME)";
				SWIFT_VERSION = 5.0;
				TARGETED_DEVICE_FAMILY = "1,2";
			};
			name = Release;
		};
/* End XCBuildConfiguration section */

/* Begin XCConfigurationList section */
		FF3ACFE12452BF0400349798 /* Build configuration list for PBXProject "Mine" */ = {
			isa = XCConfigurationList;
			buildConfigurations = (
				FF3ACFF82452BF0600349798 /* Debug */,
				FF3ACFF92452BF0600349798 /* Release */,
			);
			defaultConfigurationIsVisible = 0;
			defaultConfigurationName = Release;
		};
		FF3ACFFA2452BF0600349798 /* Build configuration list for PBXNativeTarget "Mine" */ = {
			isa = XCConfigurationList;
			buildConfigurations = (
				FF3ACFFB2452BF0600349798 /* Debug */,
				FF3ACFFC2452BF0600349798 /* Release */,
			);
			defaultConfigurationIsVisible = 0;
			defaultConfigurationName = Release;
		};
/* End XCConfigurationList section */
	};
	rootObject = FF3ACFDE2452BF0400349798 /* Project object */;
}
