// !$*UTF8*$!
{
	archiveVersion = 1;
	classes = {
	};
	objectVersion = 51;
	objects = {

/* Begin PBXBuildFile section */
		35F81ACDC653DBD5D45BCF29 /* Pods_Home.framework in Frameworks */ = {isa = PBXBuildFile; fileRef = A0C88A15AC7CD13DE15CBEAB /* Pods_Home.framework */; };
		FF3AD0392452BFA700349798 /* Assets.xcassets in Resources */ = {isa = PBXBuildFile; fileRef = FF3AD0382452BFA700349798 /* Assets.xcassets */; };
		FF3AD0FA2452D65900349798 /* MainPagePresenter.swift in Sources */ = {isa = PBXBuildFile; fileRef = FF3AD0F42452D65900349798 /* MainPagePresenter.swift */; };
		FF3AD0FB2452D65900349798 /* MainPageProtocols.swift in Sources */ = {isa = PBXBuildFile; fileRef = FF3AD0F52452D65900349798 /* MainPageProtocols.swift */; };
		FF3AD0FC2452D65900349798 /* MainPageInteractor.swift in Sources */ = {isa = PBXBuildFile; fileRef = FF3AD0F72452D65900349798 /* MainPageInteractor.swift */; };
		FF3AD0FD2452D65900349798 /* MainPageViewController.swift in Sources */ = {isa = PBXBuildFile; fileRef = FF3AD0F92452D65900349798 /* MainPageViewController.swift */; };
/* End PBXBuildFile section */

/* Begin PBXFileReference section */
		1EA815144891DA98F5F712A9 /* Pods-Home.release.xcconfig */ = {isa = PBXFileReference; includeInIndex = 1; lastKnownFileType = text.xcconfig; name = "Pods-Home.release.xcconfig"; path = "Target Support Files/Pods-Home/Pods-Home.release.xcconfig"; sourceTree = "<group>"; };
		A0C88A15AC7CD13DE15CBEAB /* Pods_Home.framework */ = {isa = PBXFileReference; explicitFileType = wrapper.framework; includeInIndex = 0; path = Pods_Home.framework; sourceTree = BUILT_PRODUCTS_DIR; };
		CC024EB50A47A7293EDCAC4A /* Pods-Home.debug.xcconfig */ = {isa = PBXFileReference; includeInIndex = 1; lastKnownFileType = text.xcconfig; name = "Pods-Home.debug.xcconfig"; path = "Target Support Files/Pods-Home/Pods-Home.debug.xcconfig"; sourceTree = "<group>"; };
		FF3AD02C2452BFA500349798 /* Home.app */ = {isa = PBXFileReference; explicitFileType = wrapper.application; includeInIndex = 0; path = Home.app; sourceTree = BUILT_PRODUCTS_DIR; };
		FF3AD0382452BFA700349798 /* Assets.xcassets */ = {isa = PBXFileReference; lastKnownFileType = folder.assetcatalog; path = Assets.xcassets; sourceTree = "<group>"; };
		FF3AD03D2452BFA700349798 /* Info.plist */ = {isa = PBXFileReference; lastKnownFileType = text.plist.xml; path = Info.plist; sourceTree = "<group>"; };
		FF3AD0F42452D65900349798 /* MainPagePresenter.swift */ = {isa = PBXFileReference; fileEncoding = 4; lastKnownFileType = sourcecode.swift; path = MainPagePresenter.swift; sourceTree = "<group>"; };
		FF3AD0F52452D65900349798 /* MainPageProtocols.swift */ = {isa = PBXFileReference; fileEncoding = 4; lastKnownFileType = sourcecode.swift; path = MainPageProtocols.swift; sourceTree = "<group>"; };
		FF3AD0F72452D65900349798 /* MainPageInteractor.swift */ = {isa = PBXFileReference; fileEncoding = 4; lastKnownFileType = sourcecode.swift; path = MainPageInteractor.swift; sourceTree = "<group>"; };
		FF3AD0F92452D65900349798 /* MainPageViewController.swift */ = {isa = PBXFileReference; fileEncoding = 4; lastKnownFileType = sourcecode.swift; path = MainPageViewController.swift; sourceTree = "<group>"; };
/* End PBXFileReference section */

/* Begin PBXFrameworksBuildPhase section */
		FF3AD0292452BFA500349798 /* Frameworks */ = {
			isa = PBXFrameworksBuildPhase;
			buildActionMask = 2147483647;
			files = (
				35F81ACDC653DBD5D45BCF29 /* Pods_Home.framework in Frameworks */,
			);
			runOnlyForDeploymentPostprocessing = 0;
		};
/* End PBXFrameworksBuildPhase section */

/* Begin PBXGroup section */
		795E60EDCA8601A23B84273C /* Pods */ = {
			isa = PBXGroup;
			children = (
				CC024EB50A47A7293EDCAC4A /* Pods-Home.debug.xcconfig */,
				1EA815144891DA98F5F712A9 /* Pods-Home.release.xcconfig */,
			);
			name = Pods;
			path = ../Pods;
			sourceTree = "<group>";
		};
		BA7E50413612CEFE8B69482C /* Frameworks */ = {
			isa = PBXGroup;
			children = (
				A0C88A15AC7CD13DE15CBEAB /* Pods_Home.framework */,
			);
			name = Frameworks;
			sourceTree = "<group>";
		};
		FF3AD0232452BFA500349798 = {
			isa = PBXGroup;
			children = (
				FF3AD02E2452BFA500349798 /* Home */,
				FF3AD02D2452BFA500349798 /* Products */,
				795E60EDCA8601A23B84273C /* Pods */,
				BA7E50413612CEFE8B69482C /* Frameworks */,
			);
			sourceTree = "<group>";
		};
		FF3AD02D2452BFA500349798 /* Products */ = {
			isa = PBXGroup;
			children = (
				FF3AD02C2452BFA500349798 /* Home.app */,
			);
			name = Products;
			sourceTree = "<group>";
		};
		FF3AD02E2452BFA500349798 /* Home */ = {
			isa = PBXGroup;
			children = (
				FF3AD0F22452D65800349798 /* MainPage */,
				FF3AD0382452BFA700349798 /* Assets.xcassets */,
				FF3AD03D2452BFA700349798 /* Info.plist */,
			);
			path = Home;
			sourceTree = "<group>";
		};
		FF3AD0F22452D65800349798 /* MainPage */ = {
			isa = PBXGroup;
			children = (
				FF3AD0F52452D65900349798 /* MainPageProtocols.swift */,
				FF3AD0F62452D65900349798 /* Model */,
				FF3AD0F32452D65800349798 /* Presenter */,
				FF3AD0F82452D65900349798 /* View */,
			);
			path = MainPage;
			sourceTree = "<group>";
		};
		FF3AD0F32452D65800349798 /* Presenter */ = {
			isa = PBXGroup;
			children = (
				FF3AD0F42452D65900349798 /* MainPagePresenter.swift */,
			);
			path = Presenter;
			sourceTree = "<group>";
		};
		FF3AD0F62452D65900349798 /* Model */ = {
			isa = PBXGroup;
			children = (
				FF3AD0F72452D65900349798 /* MainPageInteractor.swift */,
			);
			path = Model;
			sourceTree = "<group>";
		};
		FF3AD0F82452D65900349798 /* View */ = {
			isa = PBXGroup;
			children = (
				FF3AD0F92452D65900349798 /* MainPageViewController.swift */,
			);
			path = View;
			sourceTree = "<group>";
		};
/* End PBXGroup section */

/* Begin PBXNativeTarget section */
		FF3AD02B2452BFA500349798 /* Home */ = {
			isa = PBXNativeTarget;
			buildConfigurationList = FF3AD0402452BFA700349798 /* Build configuration list for PBXNativeTarget "Home" */;
			buildPhases = (
				4CFC63FE0B2B956E9CAD0C1F /* [CP] Check Pods Manifest.lock */,
				FF3AD0282452BFA500349798 /* Sources */,
				FF3AD0292452BFA500349798 /* Frameworks */,
				FF3AD02A2452BFA500349798 /* Resources */,
				3F03CCFAE4C0C95B7D606E6F /* [CP] Embed Pods Frameworks */,
			);
			buildRules = (
			);
			dependencies = (
			);
			name = Home;
			productName = Home;
			productReference = FF3AD02C2452BFA500349798 /* Home.app */;
			productType = "com.apple.product-type.application";
		};
/* End PBXNativeTarget section */

/* Begin PBXProject section */
		FF3AD0242452BFA500349798 /* Project object */ = {
			isa = PBXProject;
			attributes = {
				LastSwiftUpdateCheck = 1130;
				LastUpgradeCheck = 1130;
				ORGANIZATIONNAME = hend;
				TargetAttributes = {
					FF3AD02B2452BFA500349798 = {
						CreatedOnToolsVersion = 11.3.1;
					};
				};
			};
			buildConfigurationList = FF3AD0272452BFA500349798 /* Build configuration list for PBXProject "Home" */;
			compatibilityVersion = "Xcode 9.3";
			developmentRegion = en;
			hasScannedForEncodings = 0;
			knownRegions = (
				en,
				Base,
			);
			mainGroup = FF3AD0232452BFA500349798;
			productRefGroup = FF3AD02D2452BFA500349798 /* Products */;
			projectDirPath = "";
			projectRoot = "";
			targets = (
				FF3AD02B2452BFA500349798 /* Home */,
			);
		};
/* End PBXProject section */

/* Begin PBXResourcesBuildPhase section */
		FF3AD02A2452BFA500349798 /* Resources */ = {
			isa = PBXResourcesBuildPhase;
			buildActionMask = 2147483647;
			files = (
				FF3AD0392452BFA700349798 /* Assets.xcassets in Resources */,
			);
			runOnlyForDeploymentPostprocessing = 0;
		};
/* End PBXResourcesBuildPhase section */

/* Begin PBXShellScriptBuildPhase section */
		3F03CCFAE4C0C95B7D606E6F /* [CP] Embed Pods Frameworks */ = {
			isa = PBXShellScriptBuildPhase;
			buildActionMask = 2147483647;
			files = (
			);
			inputFileListPaths = (
				"${PODS_ROOT}/Target Support Files/Pods-Home/Pods-Home-frameworks-${CONFIGURATION}-input-files.xcfilelist",
			);
			name = "[CP] Embed Pods Frameworks";
			outputFileListPaths = (
				"${PODS_ROOT}/Target Support Files/Pods-Home/Pods-Home-frameworks-${CONFIGURATION}-output-files.xcfilelist",
			);
			runOnlyForDeploymentPostprocessing = 0;
			shellPath = /bin/sh;
			shellScript = "\"${PODS_ROOT}/Target Support Files/Pods-Home/Pods-Home-frameworks.sh\"\n";
			showEnvVarsInLog = 0;
		};
		4CFC63FE0B2B956E9CAD0C1F /* [CP] Check Pods Manifest.lock */ = {
			isa = PBXShellScriptBuildPhase;
			buildActionMask = 2147483647;
			files = (
			);
			inputFileListPaths = (
			);
			inputPaths = (
				"${PODS_PODFILE_DIR_PATH}/Podfile.lock",
				"${PODS_ROOT}/Manifest.lock",
			);
			name = "[CP] Check Pods Manifest.lock";
			outputFileListPaths = (
			);
			outputPaths = (
				"$(DERIVED_FILE_DIR)/Pods-Home-checkManifestLockResult.txt",
			);
			runOnlyForDeploymentPostprocessing = 0;
			shellPath = /bin/sh;
			shellScript = "diff \"${PODS_PODFILE_DIR_PATH}/Podfile.lock\" \"${PODS_ROOT}/Manifest.lock\" > /dev/null\nif [ $? != 0 ] ; then\n    # print error to STDERR\n    echo \"error: The sandbox is not in sync with the Podfile.lock. Run 'pod install' or update your CocoaPods installation.\" >&2\n    exit 1\nfi\n# This output is used by Xcode 'outputs' to avoid re-running this script phase.\necho \"SUCCESS\" > \"${SCRIPT_OUTPUT_FILE_0}\"\n";
			showEnvVarsInLog = 0;
		};
/* End PBXShellScriptBuildPhase section */

/* Begin PBXSourcesBuildPhase section */
		FF3AD0282452BFA500349798 /* Sources */ = {
			isa = PBXSourcesBuildPhase;
			buildActionMask = 2147483647;
			files = (
				FF3AD0FD2452D65900349798 /* MainPageViewController.swift in Sources */,
				FF3AD0FA2452D65900349798 /* MainPagePresenter.swift in Sources */,
				FF3AD0FC2452D65900349798 /* MainPageInteractor.swift in Sources */,
				FF3AD0FB2452D65900349798 /* MainPageProtocols.swift in Sources */,
			);
			runOnlyForDeploymentPostprocessing = 0;
		};
/* End PBXSourcesBuildPhase section */

/* Begin XCBuildConfiguration section */
		FF3AD03E2452BFA700349798 /* Debug */ = {
			isa = XCBuildConfiguration;
			buildSettings = {
				ALWAYS_SEARCH_USER_PATHS = NO;
				CLANG_ANALYZER_NONNULL = YES;
				CLANG_ANALYZER_NUMBER_OBJECT_CONVERSION = YES_AGGRESSIVE;
				CLANG_CXX_LANGUAGE_STANDARD = "gnu++14";
				CLANG_CXX_LIBRARY = "libc++";
				CLANG_ENABLE_MODULES = YES;
				CLANG_ENABLE_OBJC_ARC = YES;
				CLANG_ENABLE_OBJC_WEAK = YES;
				CLANG_WARN_BLOCK_CAPTURE_AUTORELEASING = YES;
				CLANG_WARN_BOOL_CONVERSION = YES;
				CLANG_WARN_COMMA = YES;
				CLANG_WARN_CONSTANT_CONVERSION = YES;
				CLANG_WARN_DEPRECATED_OBJC_IMPLEMENTATIONS = YES;
				CLANG_WARN_DIRECT_OBJC_ISA_USAGE = YES_ERROR;
				CLANG_WARN_DOCUMENTATION_COMMENTS = YES;
				CLANG_WARN_EMPTY_BODY = YES;
				CLANG_WARN_ENUM_CONVERSION = YES;
				CLANG_WARN_INFINITE_RECURSION = YES;
				CLANG_WARN_INT_CONVERSION = YES;
				CLANG_WARN_NON_LITERAL_NULL_CONVERSION = YES;
				CLANG_WARN_OBJC_IMPLICIT_RETAIN_SELF = YES;
				CLANG_WARN_OBJC_LITERAL_CONVERSION = YES;
				CLANG_WARN_OBJC_ROOT_CLASS = YES_ERROR;
				CLANG_WARN_RANGE_LOOP_ANALYSIS = YES;
				CLANG_WARN_STRICT_PROTOTYPES = YES;
				CLANG_WARN_SUSPICIOUS_MOVE = YES;
				CLANG_WARN_UNGUARDED_AVAILABILITY = YES_AGGRESSIVE;
				CLANG_WARN_UNREACHABLE_CODE = YES;
				CLANG_WARN__DUPLICATE_METHOD_MATCH = YES;
				COPY_PHASE_STRIP = NO;
				DEBUG_INFORMATION_FORMAT = dwarf;
				ENABLE_STRICT_OBJC_MSGSEND = YES;
				ENABLE_TESTABILITY = YES;
				GCC_C_LANGUAGE_STANDARD = gnu11;
				GCC_DYNAMIC_NO_PIC = NO;
				GCC_NO_COMMON_BLOCKS = YES;
				GCC_OPTIMIZATION_LEVEL = 0;
				GCC_PREPROCESSOR_DEFINITIONS = (
					"DEBUG=1",
					"$(inherited)",
				);
				GCC_WARN_64_TO_32_BIT_CONVERSION = YES;
				GCC_WARN_ABOUT_RETURN_TYPE = YES_ERROR;
				GCC_WARN_UNDECLARED_SELECTOR = YES;
				GCC_WARN_UNINITIALIZED_AUTOS = YES_AGGRESSIVE;
				GCC_WARN_UNUSED_FUNCTION = YES;
				GCC_WARN_UNUSED_VARIABLE = YES;
				IPHONEOS_DEPLOYMENT_TARGET = 13.2;
				MTL_ENABLE_DEBUG_INFO = INCLUDE_SOURCE;
				MTL_FAST_MATH = YES;
				ONLY_ACTIVE_ARCH = YES;
				SDKROOT = iphoneos;
				SWIFT_ACTIVE_COMPILATION_CONDITIONS = DEBUG;
				SWIFT_OPTIMIZATION_LEVEL = "-Onone";
			};
			name = Debug;
		};
		FF3AD03F2452BFA700349798 /* Release */ = {
			isa = XCBuildConfiguration;
			buildSettings = {
				ALWAYS_SEARCH_USER_PATHS = NO;
				CLANG_ANALYZER_NONNULL = YES;
				CLANG_ANALYZER_NUMBER_OBJECT_CONVERSION = YES_AGGRESSIVE;
				CLANG_CXX_LANGUAGE_STANDARD = "gnu++14";
				CLANG_CXX_LIBRARY = "libc++";
				CLANG_ENABLE_MODULES = YES;
				CLANG_ENABLE_OBJC_ARC = YES;
				CLANG_ENABLE_OBJC_WEAK = YES;
				CLANG_WARN_BLOCK_CAPTURE_AUTORELEASING = YES;
				CLANG_WARN_BOOL_CONVERSION = YES;
				CLANG_WARN_COMMA = YES;
				CLANG_WARN_CONSTANT_CONVERSION = YES;
				CLANG_WARN_DEPRECATED_OBJC_IMPLEMENTATIONS = YES;
				CLANG_WARN_DIRECT_OBJC_ISA_USAGE = YES_ERROR;
				CLANG_WARN_DOCUMENTATION_COMMENTS = YES;
				CLANG_WARN_EMPTY_BODY = YES;
				CLANG_WARN_ENUM_CONVERSION = YES;
				CLANG_WARN_INFINITE_RECURSION = YES;
				CLANG_WARN_INT_CONVERSION = YES;
				CLANG_WARN_NON_LITERAL_NULL_CONVERSION = YES;
				CLANG_WARN_OBJC_IMPLICIT_RETAIN_SELF = YES;
				CLANG_WARN_OBJC_LITERAL_CONVERSION = YES;
				CLANG_WARN_OBJC_ROOT_CLASS = YES_ERROR;
				CLANG_WARN_RANGE_LOOP_ANALYSIS = YES;
				CLANG_WARN_STRICT_PROTOTYPES = YES;
				CLANG_WARN_SUSPICIOUS_MOVE = YES;
				CLANG_WARN_UNGUARDED_AVAILABILITY = YES_AGGRESSIVE;
				CLANG_WARN_UNREACHABLE_CODE = YES;
				CLANG_WARN__DUPLICATE_METHOD_MATCH = YES;
				COPY_PHASE_STRIP = NO;
				DEBUG_INFORMATION_FORMAT = "dwarf-with-dsym";
				ENABLE_NS_ASSERTIONS = NO;
				ENABLE_STRICT_OBJC_MSGSEND = YES;
				GCC_C_LANGUAGE_STANDARD = gnu11;
				GCC_NO_COMMON_BLOCKS = YES;
				GCC_WARN_64_TO_32_BIT_CONVERSION = YES;
				GCC_WARN_ABOUT_RETURN_TYPE = YES_ERROR;
				GCC_WARN_UNDECLARED_SELECTOR = YES;
				GCC_WARN_UNINITIALIZED_AUTOS = YES_AGGRESSIVE;
				GCC_WARN_UNUSED_FUNCTION = YES;
				GCC_WARN_UNUSED_VARIABLE = YES;
				IPHONEOS_DEPLOYMENT_TARGET = 13.2;
				MTL_ENABLE_DEBUG_INFO = NO;
				MTL_FAST_MATH = YES;
				SDKROOT = iphoneos;
				SWIFT_COMPILATION_MODE = wholemodule;
				SWIFT_OPTIMIZATION_LEVEL = "-O";
				VALIDATE_PRODUCT = YES;
			};
			name = Release;
		};
		FF3AD0412452BFA700349798 /* Debug */ = {
			isa = XCBuildConfiguration;
			baseConfigurationReference = CC024EB50A47A7293EDCAC4A /* Pods-Home.debug.xcconfig */;
			buildSettings = {
				ASSETCATALOG_COMPILER_APPICON_NAME = AppIcon;
				CODE_SIGN_STYLE = Automatic;
				INFOPLIST_FILE = Home/Info.plist;
				LD_RUNPATH_SEARCH_PATHS = (
					"$(inherited)",
					"@executable_path/Frameworks",
				);
				PRODUCT_BUNDLE_IDENTIFIER = lancoo.com.Home;
				PRODUCT_NAME = "$(TARGET_NAME)";
				SWIFT_VERSION = 5.0;
				TARGETED_DEVICE_FAMILY = "1,2";
			};
			name = Debug;
		};
		FF3AD0422452BFA700349798 /* Release */ = {
			isa = XCBuildConfiguration;
			baseConfigurationReference = 1EA815144891DA98F5F712A9 /* Pods-Home.release.xcconfig */;
			buildSettings = {
				ASSETCATALOG_COMPILER_APPICON_NAME = AppIcon;
				CODE_SIGN_STYLE = Automatic;
				INFOPLIST_FILE = Home/Info.plist;
				LD_RUNPATH_SEARCH_PATHS = (
					"$(inherited)",
					"@executable_path/Frameworks",
				);
				PRODUCT_BUNDLE_IDENTIFIER = lancoo.com.Home;
				PRODUCT_NAME = "$(TARGET_NAME)";
				SWIFT_VERSION = 5.0;
				TARGETED_DEVICE_FAMILY = "1,2";
			};
			name = Release;
		};
/* End XCBuildConfiguration section */

/* Begin XCConfigurationList section */
		FF3AD0272452BFA500349798 /* Build configuration list for PBXProject "Home" */ = {
			isa = XCConfigurationList;
			buildConfigurations = (
				FF3AD03E2452BFA700349798 /* Debug */,
				FF3AD03F2452BFA700349798 /* Release */,
			);
			defaultConfigurationIsVisible = 0;
			defaultConfigurationName = Release;
		};
		FF3AD0402452BFA700349798 /* Build configuration list for PBXNativeTarget "Home" */ = {
			isa = XCConfigurationList;
			buildConfigurations = (
				FF3AD0412452BFA700349798 /* Debug */,
				FF3AD0422452BFA700349798 /* Release */,
			);
			defaultConfigurationIsVisible = 0;
			defaultConfigurationName = Release;
		};
/* End XCConfigurationList section */
	};
	rootObject = FF3AD0242452BFA500349798 /* Project object */;
}
